
Microsoft Visual Studio Solution File, Format Version 12.00
# Visual Studio Version 17
VisualStudioVersion = 17.3.32819.101
MinimumVisualStudioVersion = 10.0.40219.1
Project("{9A19103F-16F7-4668-BE54-9A1E7A4F7556}") = "MagicVilla_VillaApi", "MagicVilla_VillaApi\MagicVilla_VillaApi.csproj", "{A98F4D98-36F8-4B22-B16F-180F415A6D65}"
EndProject
Project("{9A19103F-16F7-4668-BE54-9A1E7A4F7556}") = "MagicVilla_Web", "MagicVilla_Web\MagicVilla_Web.csproj", "{DCE6FF14-9ED4-47CC-B404-C11D9EAA2E49}"
EndProject
Project("{9A19103F-16F7-4668-BE54-9A1E7A4F7556}") = "MagicVilla_Utility", "MagicVilla_Utility\MagicVilla_Utility.csproj", "{6F146382-C0CE-4AAA-B2B2-694640AEABE3}"
EndProject
Global
	GlobalSection(SolutionConfigurationPlatforms) = preSolution
		Debug|Any CPU = Debug|Any CPU
		Release|Any CPU = Release|Any CPU
	EndGlobalSection
	GlobalSection(ProjectConfigurationPlatforms) = postSolution
		{A98F4D98-36F8-4B22-B16F-180F415A6D65}.Debug|Any CPU.ActiveCfg = Debug|Any CPU
		{A98F4D98-36F8-4B22-B16F-180F415A6D65}.Debug|Any CPU.Build.0 = Debug|Any CPU
		{A98F4D98-36F8-4B22-B16F-180F415A6D65}.Release|Any CPU.ActiveCfg = Release|Any CPU
		{A98F4D98-36F8-4B22-B16F-180F415A6D65}.Release|Any CPU.Build.0 = Release|Any CPU
		{DCE6FF14-9ED4-47CC-B404-C11D9EAA2E49}.Debug|Any CPU.ActiveCfg = Debug|Any CPU
		{DCE6FF14-9ED4-47CC-B404-C11D9EAA2E49}.Debug|Any CPU.Build.0 = Debug|Any CPU
		{DCE6FF14-9ED4-47CC-B404-C11D9EAA2E49}.Release|Any CPU.ActiveCfg = Release|Any CPU
		{DCE6FF14-9ED4-47CC-B404-C11D9EAA2E49}.Release|Any CPU.Build.0 = Release|Any CPU
		{6F146382-C0CE-4AAA-B2B2-694640AEABE3}.Debug|Any CPU.ActiveCfg = Debug|Any CPU
		{6F146382-C0CE-4AAA-B2B2-694640AEABE3}.Debug|Any CPU.Build.0 = Debug|Any CPU
		{6F146382-C0CE-4AAA-B2B2-694640AEABE3}.Release|Any CPU.ActiveCfg = Release|Any CPU
		{6F146382-C0CE-4AAA-B2B2-694640AEABE3}.Release|Any CPU.Build.0 = Release|Any CPU
	EndGlobalSection
	GlobalSection(SolutionProperties) = preSolution
		HideSolutionNode = FALSE
	EndGlobalSection
	GlobalSection(ExtensibilityGlobals) = postSolution
		SolutionGuid = {6F24B45F-6721-469B-97B5-022D81BF95FF}
	EndGlobalSection
EndGlobal
